
Microsoft Visual Studio Solution File, Format Version 12.00
# Visual Studio 15
VisualStudioVersion = 15.0.28010.2048
MinimumVisualStudioVersion = 10.0.40219.1
Project("{8BC9CEB8-8B4A-11D0-8D11-00A0C91BC942}") = "programmingAssignment5", "programmingAssignment5\programmingAssignment5.vcxproj", "{ECF991A4-EACF-46F5-B7FC-83649C0FA57D}"
EndProject
Global
	GlobalSection(SolutionConfigurationPlatforms) = preSolution
		Debug|x64 = Debug|x64
		Debug|x86 = Debug|x86
		Release|x64 = Release|x64
		Release|x86 = Release|x86
	EndGlobalSection
	GlobalSection(ProjectConfigurationPlatforms) = postSolution
		{ECF991A4-EACF-46F5-B7FC-83649C0FA57D}.Debug|x64.ActiveCfg = Debug|x64
		{ECF991A4-EACF-46F5-B7FC-83649C0FA57D}.Debug|x64.Build.0 = Debug|x64
		{ECF991A4-EACF-46F5-B7FC-83649C0FA57D}.Debug|x86.ActiveCfg = Debug|Win32
		{ECF991A4-EACF-46F5-B7FC-83649C0FA57D}.Debug|x86.Build.0 = Debug|Win32
		{ECF991A4-EACF-46F5-B7FC-83649C0FA57D}.Release|x64.ActiveCfg = Release|x64
		{ECF991A4-EACF-46F5-B7FC-83649C0FA57D}.Release|x64.Build.0 = Release|x64
		{ECF991A4-EACF-46F5-B7FC-83649C0FA57D}.Release|x86.ActiveCfg = Release|Win32
		{ECF991A4-EACF-46F5-B7FC-83649C0FA57D}.Release|x86.Build.0 = Release|Win32
	EndGlobalSection
	GlobalSection(SolutionProperties) = preSolution
		HideSolutionNode = FALSE
	EndGlobalSection
	GlobalSection(ExtensibilityGlobals) = postSolution
		SolutionGuid = {8DAD3336-3983-4F6A-B4BF-ABC1B611A529}
	EndGlobalSection
EndGlobal
